
Microsoft Visual Studio Solution File, Format Version 12.00
# Visual Studio Version 16
VisualStudioVersion = 16.0.31105.61
MinimumVisualStudioVersion = 10.0.40219.1
Project("{FAE04EC0-301F-11D3-BF4B-00C04F79EFBC}") = "ConstructorSubmission", "ConstructorSubmission.csproj", "{FC5E8792-4C40-4121-ABA9-F43A4A4AC8CA}"
EndProject
Global
	GlobalSection(SolutionConfigurationPlatforms) = preSolution
		Debug|Any CPU = Debug|Any CPU
		Release|Any CPU = Release|Any CPU
	EndGlobalSection
	GlobalSection(ProjectConfigurationPlatforms) = postSolution
		{FC5E8792-4C40-4121-ABA9-F43A4A4AC8CA}.Debug|Any CPU.ActiveCfg = Debug|Any CPU
		{FC5E8792-4C40-4121-ABA9-F43A4A4AC8CA}.Debug|Any CPU.Build.0 = Debug|Any CPU
		{FC5E8792-4C40-4121-ABA9-F43A4A4AC8CA}.Release|Any CPU.ActiveCfg = Release|Any CPU
		{FC5E8792-4C40-4121-ABA9-F43A4A4AC8CA}.Release|Any CPU.Build.0 = Release|Any CPU
	EndGlobalSection
	GlobalSection(SolutionProperties) = preSolution
		HideSolutionNode = FALSE
	EndGlobalSection
	GlobalSection(ExtensibilityGlobals) = postSolution
		SolutionGuid = {D3E8EE33-21D8-419A-8B43-6DEDF0D978EB}
	EndGlobalSection
EndGlobal
