
Microsoft Visual Studio Solution File, Format Version 12.00
# Visual Studio Version 16
VisualStudioVersion = 16.0.31105.61
MinimumVisualStudioVersion = 10.0.40219.1
Project("{FAE04EC0-301F-11D3-BF4B-00C04F79EFBC}") = "Loops", "Loops.csproj", "{DC31C6EF-72A7-48D7-B540-21F16CB227BD}"
EndProject
Global
	GlobalSection(SolutionConfigurationPlatforms) = preSolution
		Debug|Any CPU = Debug|Any CPU
		Release|Any CPU = Release|Any CPU
	EndGlobalSection
	GlobalSection(ProjectConfigurationPlatforms) = postSolution
		{DC31C6EF-72A7-48D7-B540-21F16CB227BD}.Debug|Any CPU.ActiveCfg = Debug|Any CPU
		{DC31C6EF-72A7-48D7-B540-21F16CB227BD}.Debug|Any CPU.Build.0 = Debug|Any CPU
		{DC31C6EF-72A7-48D7-B540-21F16CB227BD}.Release|Any CPU.ActiveCfg = Release|Any CPU
		{DC31C6EF-72A7-48D7-B540-21F16CB227BD}.Release|Any CPU.Build.0 = Release|Any CPU
	EndGlobalSection
	GlobalSection(SolutionProperties) = preSolution
		HideSolutionNode = FALSE
	EndGlobalSection
	GlobalSection(ExtensibilityGlobals) = postSolution
		SolutionGuid = {645F9C3D-4C8A-43DF-A6ED-32ED1A2BAFEF}
	EndGlobalSection
EndGlobal
