
Microsoft Visual Studio Solution File, Format Version 12.00
# Visual Studio Version 16
VisualStudioVersion = 16.0.31019.35
MinimumVisualStudioVersion = 10.0.40219.1
Project("{FAE04EC0-301F-11D3-BF4B-00C04F79EFBC}") = "MathAndComparisonOperators", "MathAndComparisonOperators.csproj", "{094EF79C-C2A0-4428-B23D-8F61B20A53EA}"
EndProject
Global
	GlobalSection(SolutionConfigurationPlatforms) = preSolution
		Debug|Any CPU = Debug|Any CPU
		Release|Any CPU = Release|Any CPU
	EndGlobalSection
	GlobalSection(ProjectConfigurationPlatforms) = postSolution
		{094EF79C-C2A0-4428-B23D-8F61B20A53EA}.Debug|Any CPU.ActiveCfg = Debug|Any CPU
		{094EF79C-C2A0-4428-B23D-8F61B20A53EA}.Debug|Any CPU.Build.0 = Debug|Any CPU
		{094EF79C-C2A0-4428-B23D-8F61B20A53EA}.Release|Any CPU.ActiveCfg = Release|Any CPU
		{094EF79C-C2A0-4428-B23D-8F61B20A53EA}.Release|Any CPU.Build.0 = Release|Any CPU
	EndGlobalSection
	GlobalSection(SolutionProperties) = preSolution
		HideSolutionNode = FALSE
	EndGlobalSection
	GlobalSection(ExtensibilityGlobals) = postSolution
		SolutionGuid = {0ED7FCE6-8877-4DAC-A98D-EDBA91CA41A3}
	EndGlobalSection
EndGlobal
