
Microsoft Visual Studio Solution File, Format Version 12.00
# Visual Studio Version 16
VisualStudioVersion = 16.0.31105.61
MinimumVisualStudioVersion = 10.0.40219.1
Project("{FAE04EC0-301F-11D3-BF4B-00C04F79EFBC}") = "ArraySubmission", "ArraySubmission.csproj", "{91971FF7-CDE9-47FB-9CE0-5E6F4423E276}"
EndProject
Global
	GlobalSection(SolutionConfigurationPlatforms) = preSolution
		Debug|Any CPU = Debug|Any CPU
		Release|Any CPU = Release|Any CPU
	EndGlobalSection
	GlobalSection(ProjectConfigurationPlatforms) = postSolution
		{91971FF7-CDE9-47FB-9CE0-5E6F4423E276}.Debug|Any CPU.ActiveCfg = Debug|Any CPU
		{91971FF7-CDE9-47FB-9CE0-5E6F4423E276}.Debug|Any CPU.Build.0 = Debug|Any CPU
		{91971FF7-CDE9-47FB-9CE0-5E6F4423E276}.Release|Any CPU.ActiveCfg = Release|Any CPU
		{91971FF7-CDE9-47FB-9CE0-5E6F4423E276}.Release|Any CPU.Build.0 = Release|Any CPU
	EndGlobalSection
	GlobalSection(SolutionProperties) = preSolution
		HideSolutionNode = FALSE
	EndGlobalSection
	GlobalSection(ExtensibilityGlobals) = postSolution
		SolutionGuid = {3D234723-1648-4637-88A1-E29E6D9A1270}
	EndGlobalSection
EndGlobal
