
Microsoft Visual Studio Solution File, Format Version 12.00
# Visual Studio Version 16
VisualStudioVersion = 16.0.31105.61
MinimumVisualStudioVersion = 10.0.40219.1
Project("{FAE04EC0-301F-11D3-BF4B-00C04F79EFBC}") = "Parameters", "Parameters.csproj", "{4AE75940-7793-40EF-97D8-DE41832C58AF}"
EndProject
Global
	GlobalSection(SolutionConfigurationPlatforms) = preSolution
		Debug|Any CPU = Debug|Any CPU
		Release|Any CPU = Release|Any CPU
	EndGlobalSection
	GlobalSection(ProjectConfigurationPlatforms) = postSolution
		{4AE75940-7793-40EF-97D8-DE41832C58AF}.Debug|Any CPU.ActiveCfg = Debug|Any CPU
		{4AE75940-7793-40EF-97D8-DE41832C58AF}.Debug|Any CPU.Build.0 = Debug|Any CPU
		{4AE75940-7793-40EF-97D8-DE41832C58AF}.Release|Any CPU.ActiveCfg = Release|Any CPU
		{4AE75940-7793-40EF-97D8-DE41832C58AF}.Release|Any CPU.Build.0 = Release|Any CPU
	EndGlobalSection
	GlobalSection(SolutionProperties) = preSolution
		HideSolutionNode = FALSE
	EndGlobalSection
	GlobalSection(ExtensibilityGlobals) = postSolution
		SolutionGuid = {4E67A3CD-F906-476B-A26A-D6AB919A08A5}
	EndGlobalSection
EndGlobal
