
Microsoft Visual Studio Solution File, Format Version 12.00
# Visual Studio Version 16
VisualStudioVersion = 16.0.31105.61
MinimumVisualStudioVersion = 10.0.40219.1
Project("{FAE04EC0-301F-11D3-BF4B-00C04F79EFBC}") = "ShippingQuoteProgram", "ShippingQuoteProgram.csproj", "{68691CED-194E-4630-9AA9-72982E83F1C0}"
EndProject
Global
	GlobalSection(SolutionConfigurationPlatforms) = preSolution
		Debug|Any CPU = Debug|Any CPU
		Release|Any CPU = Release|Any CPU
	EndGlobalSection
	GlobalSection(ProjectConfigurationPlatforms) = postSolution
		{68691CED-194E-4630-9AA9-72982E83F1C0}.Debug|Any CPU.ActiveCfg = Debug|Any CPU
		{68691CED-194E-4630-9AA9-72982E83F1C0}.Debug|Any CPU.Build.0 = Debug|Any CPU
		{68691CED-194E-4630-9AA9-72982E83F1C0}.Release|Any CPU.ActiveCfg = Release|Any CPU
		{68691CED-194E-4630-9AA9-72982E83F1C0}.Release|Any CPU.Build.0 = Release|Any CPU
	EndGlobalSection
	GlobalSection(SolutionProperties) = preSolution
		HideSolutionNode = FALSE
	EndGlobalSection
	GlobalSection(ExtensibilityGlobals) = postSolution
		SolutionGuid = {98F64034-521E-4A13-B796-62ADAB196137}
	EndGlobalSection
EndGlobal
